// !$*UTF8*$!
{
	archiveVersion = 1;
	classes = {
	};
	objectVersion = 55;
	objects = {

/* Begin PBXBuildFile section */
		AB8825F628808CFB00232162 /* AppDelegate.swift in Sources */ = {isa = PBXBuildFile; fileRef = AB8825F528808CFB00232162 /* AppDelegate.swift */; };
		AB8825F828808CFB00232162 /* SceneDelegate.swift in Sources */ = {isa = PBXBuildFile; fileRef = AB8825F728808CFB00232162 /* SceneDelegate.swift */; };
		AB8825FA28808CFB00232162 /* ViewController.swift in Sources */ = {isa = PBXBuildFile; fileRef = AB8825F928808CFB00232162 /* ViewController.swift */; };
		AB8825FD28808CFB00232162 /* Main.storyboard in Resources */ = {isa = PBXBuildFile; fileRef = AB8825FB28808CFB00232162 /* Main.storyboard */; };
		AB8825FF28808CFD00232162 /* Assets.xcassets in Resources */ = {isa = PBXBuildFile; fileRef = AB8825FE28808CFD00232162 /* Assets.xcassets */; };
		AB88260228808CFD00232162 /* LaunchScreen.storyboard in Resources */ = {isa = PBXBuildFile; fileRef = AB88260028808CFD00232162 /* LaunchScreen.storyboard */; };
		ABEE233F2883282100380543 /* HomeViewController.swift in Sources */ = {isa = PBXBuildFile; fileRef = ABEE233E2883282100380543 /* HomeViewController.swift */; };
		ABEE2341288328D500380543 /* HomeData.swift in Sources */ = {isa = PBXBuildFile; fileRef = ABEE2340288328D500380543 /* HomeData.swift */; };
		ABEE234928832B5C00380543 /* HomeTableViewCell.swift in Sources */ = {isa = PBXBuildFile; fileRef = ABEE234728832B5C00380543 /* HomeTableViewCell.swift */; };
		ABEE234A28832B5C00380543 /* HomeTableViewCell.xib in Resources */ = {isa = PBXBuildFile; fileRef = ABEE234828832B5C00380543 /* HomeTableViewCell.xib */; };
		ABEE234D2883412200380543 /* ChatTableViewCell.swift in Sources */ = {isa = PBXBuildFile; fileRef = ABEE234B2883412200380543 /* ChatTableViewCell.swift */; };
		ABEE234E2883412200380543 /* ChatTableViewCell.xib in Resources */ = {isa = PBXBuildFile; fileRef = ABEE234C2883412200380543 /* ChatTableViewCell.xib */; };
		ABEE23502883433B00380543 /* ChatViewController.swift in Sources */ = {isa = PBXBuildFile; fileRef = ABEE234F2883433B00380543 /* ChatViewController.swift */; };
		ABEE23522883434D00380543 /* ChatData.swift in Sources */ = {isa = PBXBuildFile; fileRef = ABEE23512883434D00380543 /* ChatData.swift */; };
/* End PBXBuildFile section */

/* Begin PBXFileReference section */
		AB8825F228808CFB00232162 /* Carrot.app */ = {isa = PBXFileReference; explicitFileType = wrapper.application; includeInIndex = 0; path = Carrot.app; sourceTree = BUILT_PRODUCTS_DIR; };
		AB8825F528808CFB00232162 /* AppDelegate.swift */ = {isa = PBXFileReference; lastKnownFileType = sourcecode.swift; path = AppDelegate.swift; sourceTree = "<group>"; };
		AB8825F728808CFB00232162 /* SceneDelegate.swift */ = {isa = PBXFileReference; lastKnownFileType = sourcecode.swift; path = SceneDelegate.swift; sourceTree = "<group>"; };
		AB8825F928808CFB00232162 /* ViewController.swift */ = {isa = PBXFileReference; lastKnownFileType = sourcecode.swift; path = ViewController.swift; sourceTree = "<group>"; };
		AB8825FC28808CFB00232162 /* Base */ = {isa = PBXFileReference; lastKnownFileType = file.storyboard; name = Base; path = Base.lproj/Main.storyboard; sourceTree = "<group>"; };
		AB8825FE28808CFD00232162 /* Assets.xcassets */ = {isa = PBXFileReference; lastKnownFileType = folder.assetcatalog; path = Assets.xcassets; sourceTree = "<group>"; };
		AB88260128808CFD00232162 /* Base */ = {isa = PBXFileReference; lastKnownFileType = file.storyboard; name = Base; path = Base.lproj/LaunchScreen.storyboard; sourceTree = "<group>"; };
		AB88260328808CFD00232162 /* Info.plist */ = {isa = PBXFileReference; lastKnownFileType = text.plist.xml; path = Info.plist; sourceTree = "<group>"; };
		ABEE233E2883282100380543 /* HomeViewController.swift */ = {isa = PBXFileReference; lastKnownFileType = sourcecode.swift; path = HomeViewController.swift; sourceTree = "<group>"; };
		ABEE2340288328D500380543 /* HomeData.swift */ = {isa = PBXFileReference; lastKnownFileType = sourcecode.swift; path = HomeData.swift; sourceTree = "<group>"; };
		ABEE234728832B5C00380543 /* HomeTableViewCell.swift */ = {isa = PBXFileReference; lastKnownFileType = sourcecode.swift; name = HomeTableViewCell.swift; path = TableViewCell/HomeTableViewCell.swift; sourceTree = "<group>"; };
		ABEE234828832B5C00380543 /* HomeTableViewCell.xib */ = {isa = PBXFileReference; lastKnownFileType = file.xib; name = HomeTableViewCell.xib; path = TableViewCell/HomeTableViewCell.xib; sourceTree = "<group>"; };
		ABEE234B2883412200380543 /* ChatTableViewCell.swift */ = {isa = PBXFileReference; lastKnownFileType = sourcecode.swift; path = ChatTableViewCell.swift; sourceTree = "<group>"; };
		ABEE234C2883412200380543 /* ChatTableViewCell.xib */ = {isa = PBXFileReference; lastKnownFileType = file.xib; path = ChatTableViewCell.xib; sourceTree = "<group>"; };
		ABEE234F2883433B00380543 /* ChatViewController.swift */ = {isa = PBXFileReference; lastKnownFileType = sourcecode.swift; path = ChatViewController.swift; sourceTree = "<group>"; };
		ABEE23512883434D00380543 /* ChatData.swift */ = {isa = PBXFileReference; lastKnownFileType = sourcecode.swift; path = ChatData.swift; sourceTree = "<group>"; };
/* End PBXFileReference section */

/* Begin PBXFrameworksBuildPhase section */
		AB8825EF28808CFB00232162 /* Frameworks */ = {
			isa = PBXFrameworksBuildPhase;
			buildActionMask = 2147483647;
			files = (
			);
			runOnlyForDeploymentPostprocessing = 0;
		};
/* End PBXFrameworksBuildPhase section */

/* Begin PBXGroup section */
		AB8825E928808CFB00232162 = {
			isa = PBXGroup;
			children = (
				AB8825F428808CFB00232162 /* Carrot */,
				AB8825F328808CFB00232162 /* Products */,
			);
			sourceTree = "<group>";
		};
		AB8825F328808CFB00232162 /* Products */ = {
			isa = PBXGroup;
			children = (
				AB8825F228808CFB00232162 /* Carrot.app */,
			);
			name = Products;
			sourceTree = "<group>";
		};
		AB8825F428808CFB00232162 /* Carrot */ = {
			isa = PBXGroup;
			children = (
				AB8825F528808CFB00232162 /* AppDelegate.swift */,
				AB8825F728808CFB00232162 /* SceneDelegate.swift */,
				ABEE234528832B1800380543 /* ViewController */,
				AB8825FB28808CFB00232162 /* Main.storyboard */,
				AB8825FE28808CFD00232162 /* Assets.xcassets */,
				AB88260028808CFD00232162 /* LaunchScreen.storyboard */,
				AB88260328808CFD00232162 /* Info.plist */,
				ABEE234628832B2F00380543 /* Data */,
				ABEE234428832B0900380543 /* TableViewCell */,
				ABEE234728832B5C00380543 /* HomeTableViewCell.swift */,
				ABEE234828832B5C00380543 /* HomeTableViewCell.xib */,
			);
			path = Carrot;
			sourceTree = "<group>";
		};
		ABEE234428832B0900380543 /* TableViewCell */ = {
			isa = PBXGroup;
			children = (
				ABEE234B2883412200380543 /* ChatTableViewCell.swift */,
				ABEE234C2883412200380543 /* ChatTableViewCell.xib */,
			);
			path = TableViewCell;
			sourceTree = "<group>";
		};
		ABEE234528832B1800380543 /* ViewController */ = {
			isa = PBXGroup;
			children = (
				AB8825F928808CFB00232162 /* ViewController.swift */,
				ABEE233E2883282100380543 /* HomeViewController.swift */,
				ABEE234F2883433B00380543 /* ChatViewController.swift */,
			);
			path = ViewController;
			sourceTree = "<group>";
		};
		ABEE234628832B2F00380543 /* Data */ = {
			isa = PBXGroup;
			children = (
				ABEE2340288328D500380543 /* HomeData.swift */,
				ABEE23512883434D00380543 /* ChatData.swift */,
			);
			path = Data;
			sourceTree = "<group>";
		};
/* End PBXGroup section */

/* Begin PBXNativeTarget section */
		AB8825F128808CFB00232162 /* Carrot */ = {
			isa = PBXNativeTarget;
			buildConfigurationList = AB88260628808CFD00232162 /* Build configuration list for PBXNativeTarget "Carrot" */;
			buildPhases = (
				AB8825EE28808CFB00232162 /* Sources */,
				AB8825EF28808CFB00232162 /* Frameworks */,
				AB8825F028808CFB00232162 /* Resources */,
			);
			buildRules = (
			);
			dependencies = (
			);
			name = Carrot;
			productName = Carrot;
			productReference = AB8825F228808CFB00232162 /* Carrot.app */;
			productType = "com.apple.product-type.application";
		};
/* End PBXNativeTarget section */

/* Begin PBXProject section */
		AB8825EA28808CFB00232162 /* Project object */ = {
			isa = PBXProject;
			attributes = {
				BuildIndependentTargetsInParallel = 1;
				LastSwiftUpdateCheck = 1340;
				LastUpgradeCheck = 1340;
				TargetAttributes = {
					AB8825F128808CFB00232162 = {
						CreatedOnToolsVersion = 13.4.1;
					};
				};
			};
			buildConfigurationList = AB8825ED28808CFB00232162 /* Build configuration list for PBXProject "Carrot" */;
			compatibilityVersion = "Xcode 13.0";
			developmentRegion = en;
			hasScannedForEncodings = 0;
			knownRegions = (
				en,
				Base,
			);
			mainGroup = AB8825E928808CFB00232162;
			productRefGroup = AB8825F328808CFB00232162 /* Products */;
			projectDirPath = "";
			projectRoot = "";
			targets = (
				AB8825F128808CFB00232162 /* Carrot */,
			);
		};
/* End PBXProject section */

/* Begin PBXResourcesBuildPhase section */
		AB8825F028808CFB00232162 /* Resources */ = {
			isa = PBXResourcesBuildPhase;
			buildActionMask = 2147483647;
			files = (
				AB88260228808CFD00232162 /* LaunchScreen.storyboard in Resources */,
				AB8825FF28808CFD00232162 /* Assets.xcassets in Resources */,
				ABEE234E2883412200380543 /* ChatTableViewCell.xib in Resources */,
				ABEE234A28832B5C00380543 /* HomeTableViewCell.xib in Resources */,
				AB8825FD28808CFB00232162 /* Main.storyboard in Resources */,
			);
			runOnlyForDeploymentPostprocessing = 0;
		};
/* End PBXResourcesBuildPhase section */

/* Begin PBXSourcesBuildPhase section */
		AB8825EE28808CFB00232162 /* Sources */ = {
			isa = PBXSourcesBuildPhase;
			buildActionMask = 2147483647;
			files = (
				ABEE23522883434D00380543 /* ChatData.swift in Sources */,
				ABEE234928832B5C00380543 /* HomeTableViewCell.swift in Sources */,
				AB8825FA28808CFB00232162 /* ViewController.swift in Sources */,
				ABEE23502883433B00380543 /* ChatViewController.swift in Sources */,
				AB8825F628808CFB00232162 /* AppDelegate.swift in Sources */,
				AB8825F828808CFB00232162 /* SceneDelegate.swift in Sources */,
				ABEE234D2883412200380543 /* ChatTableViewCell.swift in Sources */,
				ABEE233F2883282100380543 /* HomeViewController.swift in Sources */,
				ABEE2341288328D500380543 /* HomeData.swift in Sources */,
			);
			runOnlyForDeploymentPostprocessing = 0;
		};
/* End PBXSourcesBuildPhase section */

/* Begin PBXVariantGroup section */
		AB8825FB28808CFB00232162 /* Main.storyboard */ = {
			isa = PBXVariantGroup;
			children = (
				AB8825FC28808CFB00232162 /* Base */,
			);
			name = Main.storyboard;
			sourceTree = "<group>";
		};
		AB88260028808CFD00232162 /* LaunchScreen.storyboard */ = {
			isa = PBXVariantGroup;
			children = (
				AB88260128808CFD00232162 /* Base */,
			);
			name = LaunchScreen.storyboard;
			sourceTree = "<group>";
		};
/* End PBXVariantGroup section */

/* Begin XCBuildConfiguration section */
		AB88260428808CFD00232162 /* Debug */ = {
			isa = XCBuildConfiguration;
			buildSettings = {
				ALWAYS_SEARCH_USER_PATHS = NO;
				CLANG_ANALYZER_NONNULL = YES;
				CLANG_ANALYZER_NUMBER_OBJECT_CONVERSION = YES_AGGRESSIVE;
				CLANG_CXX_LANGUAGE_STANDARD = "gnu++17";
				CLANG_ENABLE_MODULES = YES;
				CLANG_ENABLE_OBJC_ARC = YES;
				CLANG_ENABLE_OBJC_WEAK = YES;
				CLANG_WARN_BLOCK_CAPTURE_AUTORELEASING = YES;
				CLANG_WARN_BOOL_CONVERSION = YES;
				CLANG_WARN_COMMA = YES;
				CLANG_WARN_CONSTANT_CONVERSION = YES;
				CLANG_WARN_DEPRECATED_OBJC_IMPLEMENTATIONS = YES;
				CLANG_WARN_DIRECT_OBJC_ISA_USAGE = YES_ERROR;
				CLANG_WARN_DOCUMENTATION_COMMENTS = YES;
				CLANG_WARN_EMPTY_BODY = YES;
				CLANG_WARN_ENUM_CONVERSION = YES;
				CLANG_WARN_INFINITE_RECURSION = YES;
				CLANG_WARN_INT_CONVERSION = YES;
				CLANG_WARN_NON_LITERAL_NULL_CONVERSION = YES;
				CLANG_WARN_OBJC_IMPLICIT_RETAIN_SELF = YES;
				CLANG_WARN_OBJC_LITERAL_CONVERSION = YES;
				CLANG_WARN_OBJC_ROOT_CLASS = YES_ERROR;
				CLANG_WARN_QUOTED_INCLUDE_IN_FRAMEWORK_HEADER = YES;
				CLANG_WARN_RANGE_LOOP_ANALYSIS = YES;
				CLANG_WARN_STRICT_PROTOTYPES = YES;
				CLANG_WARN_SUSPICIOUS_MOVE = YES;
				CLANG_WARN_UNGUARDED_AVAILABILITY = YES_AGGRESSIVE;
				CLANG_WARN_UNREACHABLE_CODE = YES;
				CLANG_WARN__DUPLICATE_METHOD_MATCH = YES;
				COPY_PHASE_STRIP = NO;
				DEBUG_INFORMATION_FORMAT = dwarf;
				ENABLE_STRICT_OBJC_MSGSEND = YES;
				ENABLE_TESTABILITY = YES;
				GCC_C_LANGUAGE_STANDARD = gnu11;
				GCC_DYNAMIC_NO_PIC = NO;
				GCC_NO_COMMON_BLOCKS = YES;
				GCC_OPTIMIZATION_LEVEL = 0;
				GCC_PREPROCESSOR_DEFINITIONS = (
					"DEBUG=1",
					"$(inherited)",
				);
				GCC_WARN_64_TO_32_BIT_CONVERSION = YES;
				GCC_WARN_ABOUT_RETURN_TYPE = YES_ERROR;
				GCC_WARN_UNDECLARED_SELECTOR = YES;
				GCC_WARN_UNINITIALIZED_AUTOS = YES_AGGRESSIVE;
				GCC_WARN_UNUSED_FUNCTION = YES;
				GCC_WARN_UNUSED_VARIABLE = YES;
				IPHONEOS_DEPLOYMENT_TARGET = 15.5;
				MTL_ENABLE_DEBUG_INFO = INCLUDE_SOURCE;
				MTL_FAST_MATH = YES;
				ONLY_ACTIVE_ARCH = YES;
				SDKROOT = iphoneos;
				SWIFT_ACTIVE_COMPILATION_CONDITIONS = DEBUG;
				SWIFT_OPTIMIZATION_LEVEL = "-Onone";
			};
			name = Debug;
		};
		AB88260528808CFD00232162 /* Release */ = {
			isa = XCBuildConfiguration;
			buildSettings = {
				ALWAYS_SEARCH_USER_PATHS = NO;
				CLANG_ANALYZER_NONNULL = YES;
				CLANG_ANALYZER_NUMBER_OBJECT_CONVERSION = YES_AGGRESSIVE;
				CLANG_CXX_LANGUAGE_STANDARD = "gnu++17";
				CLANG_ENABLE_MODULES = YES;
				CLANG_ENABLE_OBJC_ARC = YES;
				CLANG_ENABLE_OBJC_WEAK = YES;
				CLANG_WARN_BLOCK_CAPTURE_AUTORELEASING = YES;
				CLANG_WARN_BOOL_CONVERSION = YES;
				CLANG_WARN_COMMA = YES;
				CLANG_WARN_CONSTANT_CONVERSION = YES;
				CLANG_WARN_DEPRECATED_OBJC_IMPLEMENTATIONS = YES;
				CLANG_WARN_DIRECT_OBJC_ISA_USAGE = YES_ERROR;
				CLANG_WARN_DOCUMENTATION_COMMENTS = YES;
				CLANG_WARN_EMPTY_BODY = YES;
				CLANG_WARN_ENUM_CONVERSION = YES;
				CLANG_WARN_INFINITE_RECURSION = YES;
				CLANG_WARN_INT_CONVERSION = YES;
				CLANG_WARN_NON_LITERAL_NULL_CONVERSION = YES;
				CLANG_WARN_OBJC_IMPLICIT_RETAIN_SELF = YES;
				CLANG_WARN_OBJC_LITERAL_CONVERSION = YES;
				CLANG_WARN_OBJC_ROOT_CLASS = YES_ERROR;
				CLANG_WARN_QUOTED_INCLUDE_IN_FRAMEWORK_HEADER = YES;
				CLANG_WARN_RANGE_LOOP_ANALYSIS = YES;
				CLANG_WARN_STRICT_PROTOTYPES = YES;
				CLANG_WARN_SUSPICIOUS_MOVE = YES;
				CLANG_WARN_UNGUARDED_AVAILABILITY = YES_AGGRESSIVE;
				CLANG_WARN_UNREACHABLE_CODE = YES;
				CLANG_WARN__DUPLICATE_METHOD_MATCH = YES;
				COPY_PHASE_STRIP = NO;
				DEBUG_INFORMATION_FORMAT = "dwarf-with-dsym";
				ENABLE_NS_ASSERTIONS = NO;
				ENABLE_STRICT_OBJC_MSGSEND = YES;
				GCC_C_LANGUAGE_STANDARD = gnu11;
				GCC_NO_COMMON_BLOCKS = YES;
				GCC_WARN_64_TO_32_BIT_CONVERSION = YES;
				GCC_WARN_ABOUT_RETURN_TYPE = YES_ERROR;
				GCC_WARN_UNDECLARED_SELECTOR = YES;
				GCC_WARN_UNINITIALIZED_AUTOS = YES_AGGRESSIVE;
				GCC_WARN_UNUSED_FUNCTION = YES;
				GCC_WARN_UNUSED_VARIABLE = YES;
				IPHONEOS_DEPLOYMENT_TARGET = 15.5;
				MTL_ENABLE_DEBUG_INFO = NO;
				MTL_FAST_MATH = YES;
				SDKROOT = iphoneos;
				SWIFT_COMPILATION_MODE = wholemodule;
				SWIFT_OPTIMIZATION_LEVEL = "-O";
				VALIDATE_PRODUCT = YES;
			};
			name = Release;
		};
		AB88260728808CFD00232162 /* Debug */ = {
			isa = XCBuildConfiguration;
			buildSettings = {
				ASSETCATALOG_COMPILER_APPICON_NAME = AppIcon;
				ASSETCATALOG_COMPILER_GLOBAL_ACCENT_COLOR_NAME = AccentColor;
				CODE_SIGN_STYLE = Automatic;
				CURRENT_PROJECT_VERSION = 1;
				GENERATE_INFOPLIST_FILE = YES;
				INFOPLIST_FILE = Carrot/Info.plist;
				INFOPLIST_KEY_UIApplicationSupportsIndirectInputEvents = YES;
				INFOPLIST_KEY_UILaunchStoryboardName = LaunchScreen;
				INFOPLIST_KEY_UIMainStoryboardFile = Main;
				INFOPLIST_KEY_UISupportedInterfaceOrientations_iPad = "UIInterfaceOrientationPortrait UIInterfaceOrientationPortraitUpsideDown UIInterfaceOrientationLandscapeLeft UIInterfaceOrientationLandscapeRight";
				INFOPLIST_KEY_UISupportedInterfaceOrientations_iPhone = "UIInterfaceOrientationPortrait UIInterfaceOrientationLandscapeLeft UIInterfaceOrientationLandscapeRight";
				LD_RUNPATH_SEARCH_PATHS = (
					"$(inherited)",
					"@executable_path/Frameworks",
				);
				MARKETING_VERSION = 1.0;
				PRODUCT_BUNDLE_IDENTIFIER = com.hyerm.Carrot;
				PRODUCT_NAME = "$(TARGET_NAME)";
				SWIFT_EMIT_LOC_STRINGS = YES;
				SWIFT_VERSION = 5.0;
				TARGETED_DEVICE_FAMILY = "1,2";
			};
			name = Debug;
		};
		AB88260828808CFD00232162 /* Release */ = {
			isa = XCBuildConfiguration;
			buildSettings = {
				ASSETCATALOG_COMPILER_APPICON_NAME = AppIcon;
				ASSETCATALOG_COMPILER_GLOBAL_ACCENT_COLOR_NAME = AccentColor;
				CODE_SIGN_STYLE = Automatic;
				CURRENT_PROJECT_VERSION = 1;
				GENERATE_INFOPLIST_FILE = YES;
				INFOPLIST_FILE = Carrot/Info.plist;
				INFOPLIST_KEY_UIApplicationSupportsIndirectInputEvents = YES;
				INFOPLIST_KEY_UILaunchStoryboardName = LaunchScreen;
				INFOPLIST_KEY_UIMainStoryboardFile = Main;
				INFOPLIST_KEY_UISupportedInterfaceOrientations_iPad = "UIInterfaceOrientationPortrait UIInterfaceOrientationPortraitUpsideDown UIInterfaceOrientationLandscapeLeft UIInterfaceOrientationLandscapeRight";
				INFOPLIST_KEY_UISupportedInterfaceOrientations_iPhone = "UIInterfaceOrientationPortrait UIInterfaceOrientationLandscapeLeft UIInterfaceOrientationLandscapeRight";
				LD_RUNPATH_SEARCH_PATHS = (
					"$(inherited)",
					"@executable_path/Frameworks",
				);
				MARKETING_VERSION = 1.0;
				PRODUCT_BUNDLE_IDENTIFIER = com.hyerm.Carrot;
				PRODUCT_NAME = "$(TARGET_NAME)";
				SWIFT_EMIT_LOC_STRINGS = YES;
				SWIFT_VERSION = 5.0;
				TARGETED_DEVICE_FAMILY = "1,2";
			};
			name = Release;
		};
/* End XCBuildConfiguration section */

/* Begin XCConfigurationList section */
		AB8825ED28808CFB00232162 /* Build configuration list for PBXProject "Carrot" */ = {
			isa = XCConfigurationList;
			buildConfigurations = (
				AB88260428808CFD00232162 /* Debug */,
				AB88260528808CFD00232162 /* Release */,
			);
			defaultConfigurationIsVisible = 0;
			defaultConfigurationName = Release;
		};
		AB88260628808CFD00232162 /* Build configuration list for PBXNativeTarget "Carrot" */ = {
			isa = XCConfigurationList;
			buildConfigurations = (
				AB88260728808CFD00232162 /* Debug */,
				AB88260828808CFD00232162 /* Release */,
			);
			defaultConfigurationIsVisible = 0;
			defaultConfigurationName = Release;
		};
/* End XCConfigurationList section */
	};
	rootObject = AB8825EA28808CFB00232162 /* Project object */;
}
